{
  "name": "magic-wormhole",
  "requires": true,
  "lockfileVersion": 1,
  "dependencies": {
    "@aws-crypto/hkdf-node": {
      "version": "1.0.0",
      "resolved": "https://registry.npmjs.org/@aws-crypto/hkdf-node/-/hkdf-node-1.0.0.tgz",
      "integrity": "sha512-nTQModw75tjDQwcMcWKGDvobWCDUUfzQG8/tIVB5CNz/LaNLaMlcNPumq/dMw4B8TbOiRbID3Tnn0LNPqQbL3Q==",
      "requires": {
        "tslib": "^1.9.3"
      }
    },
    "tslib": {
      "version": "1.10.0",
      "resolved": "https://registry.npmjs.org/tslib/-/tslib-1.10.0.tgz",
      "integrity": "sha512-qOebF53frne81cf0S9B41ByenJ3/IuH8yJKngAX35CmiZySA0khhkovshKK+jGCaMnVomla7gVlIcc3EvKPbTQ=="
    },
    "tweetnacl": {
      "version": "1.0.1",
      "resolved": "https://registry.npmjs.org/tweetnacl/-/tweetnacl-1.0.1.tgz",
      "integrity": "sha512-kcoMoKTPYnoeS50tzoqjPY3Uv9axeuuFAZY9M/9zFnhoVvRfxz9K29IMPD7jGmt2c8SW7i3gT9WqDl2+nV7p4A=="
    },
    "ws": {
      "version": "7.2.1",
      "resolved": "https://registry.npmjs.org/ws/-/ws-7.2.1.tgz",
      "integrity": "sha512-sucePNSafamSKoOqoNfBd8V0StlkzJKL2ZAhGQinCfNQ+oacw+Pk7lcdAElecBF2VkLNZRiIb5Oi1Q5lVUVt2A=="
    }
  }
}
